
Microsoft Visual Studio Solution File, Format Version 12.00
# Visual Studio Version 16
VisualStudioVersion = 16.0.30907.101
MinimumVisualStudioVersion = 10.0.40219.1
Project("{FAE04EC0-301F-11D3-BF4B-00C04F79EFBC}") = "PilotsDeck", "PilotsDeck\PilotsDeck.csproj", "{48B7F07E-65BA-4203-AE39-69441F3B228A}"
EndProject
Global
	GlobalSection(SolutionConfigurationPlatforms) = preSolution
		Debug|Any CPU = Debug|Any CPU
		Release|Any CPU = Release|Any CPU
	EndGlobalSection
	GlobalSection(ProjectConfigurationPlatforms) = postSolution
		{48B7F07E-65BA-4203-AE39-69441F3B228A}.Debug|Any CPU.ActiveCfg = Debug|Any CPU
		{48B7F07E-65BA-4203-AE39-69441F3B228A}.Debug|Any CPU.Build.0 = Debug|Any CPU
		{48B7F07E-65BA-4203-AE39-69441F3B228A}.Release|Any CPU.ActiveCfg = Release|Any CPU
		{48B7F07E-65BA-4203-AE39-69441F3B228A}.Release|Any CPU.Build.0 = Release|Any CPU
	EndGlobalSection
	GlobalSection(SolutionProperties) = preSolution
		HideSolutionNode = FALSE
	EndGlobalSection
	GlobalSection(ExtensibilityGlobals) = postSolution
		SolutionGuid = {24A6DEBE-7F66-4BE0-A5CA-F7CB1826CFAA}
	EndGlobalSection
EndGlobal
