
Microsoft Visual Studio Solution File, Format Version 12.00
# Visual Studio Version 17
VisualStudioVersion = 17.2.32519.379
MinimumVisualStudioVersion = 10.0.40219.1
Project("{FAE04EC0-301F-11D3-BF4B-00C04F79EFBC}") = "PilotsDeck", "PilotsDeck\PilotsDeck.csproj", "{1E1E1F8D-6C0A-440A-ACA7-2F6569C2E90D}"
EndProject
Global
	GlobalSection(SolutionConfigurationPlatforms) = preSolution
		Debug|Any CPU = Debug|Any CPU
		Release|Any CPU = Release|Any CPU
	EndGlobalSection
	GlobalSection(ProjectConfigurationPlatforms) = postSolution
		{1E1E1F8D-6C0A-440A-ACA7-2F6569C2E90D}.Debug|Any CPU.ActiveCfg = Debug|Any CPU
		{1E1E1F8D-6C0A-440A-ACA7-2F6569C2E90D}.Debug|Any CPU.Build.0 = Debug|Any CPU
		{1E1E1F8D-6C0A-440A-ACA7-2F6569C2E90D}.Release|Any CPU.ActiveCfg = Release|Any CPU
		{1E1E1F8D-6C0A-440A-ACA7-2F6569C2E90D}.Release|Any CPU.Build.0 = Release|Any CPU
	EndGlobalSection
	GlobalSection(SolutionProperties) = preSolution
		HideSolutionNode = FALSE
	EndGlobalSection
	GlobalSection(ExtensibilityGlobals) = postSolution
		SolutionGuid = {74220D51-308B-410C-8A82-16F78BD0A62E}
	EndGlobalSection
EndGlobal
